// !$*UTF8*$!
{
	archiveVersion = 1;
	classes = {
	};
	objectVersion = 56;
	objects = {

/* Begin PBXBuildFile section */
		B416F8D12C01C9E00071106E /* ContentView.swift in Sources */ = {isa = PBXBuildFile; fileRef = B416F8D02C01C9E00071106E /* ContentView.swift */; };
		B416F8D32C01C9E20071106E /* Assets.xcassets in Resources */ = {isa = PBXBuildFile; fileRef = B416F8D22C01C9E20071106E /* Assets.xcassets */; };
		B416F8D62C01C9E20071106E /* Preview Assets.xcassets in Resources */ = {isa = PBXBuildFile; fileRef = B416F8D52C01C9E20071106E /* Preview Assets.xcassets */; };
		B416F8E02C01C9E20071106E /* Health_TrackingTests.swift in Sources */ = {isa = PBXBuildFile; fileRef = B416F8DF2C01C9E20071106E /* Health_TrackingTests.swift */; };
		B416F8EA2C01C9E20071106E /* Health_TrackingUITests.swift in Sources */ = {isa = PBXBuildFile; fileRef = B416F8E92C01C9E20071106E /* Health_TrackingUITests.swift */; };
		B416F8EC2C01C9E20071106E /* Health_TrackingUITestsLaunchTests.swift in Sources */ = {isa = PBXBuildFile; fileRef = B416F8EB2C01C9E20071106E /* Health_TrackingUITestsLaunchTests.swift */; };
		B416F8F92C01CA4C0071106E /* WelcomScreen.swift in Sources */ = {isa = PBXBuildFile; fileRef = B416F8F82C01CA4C0071106E /* WelcomScreen.swift */; };
		B416F8FB2C02017C0071106E /* HomeScreen.swift in Sources */ = {isa = PBXBuildFile; fileRef = B416F8FA2C02017C0071106E /* HomeScreen.swift */; };
		B416F9032C0C8E570071106E /* PostureMonitoringView.swift in Sources */ = {isa = PBXBuildFile; fileRef = B416F9022C0C8E570071106E /* PostureMonitoringView.swift */; };
		B416F9052C0D9A8A0071106E /* GraphView.swift in Sources */ = {isa = PBXBuildFile; fileRef = B416F9042C0D9A8A0071106E /* GraphView.swift */; };
		B416F9102C21241F0071106E /* Hwelcom.swift in Sources */ = {isa = PBXBuildFile; fileRef = B416F90F2C21241F0071106E /* Hwelcom.swift */; };
		B416F9142C21250A0071106E /* OnboardingScreens.swift in Sources */ = {isa = PBXBuildFile; fileRef = B416F9132C21250A0071106E /* OnboardingScreens.swift */; };
		B45183792C36EDA3009AEBCE /* DrinkRecord+CoreDataProperties.swift in Sources */ = {isa = PBXBuildFile; fileRef = B45183742C36EDA3009AEBCE /* DrinkRecord+CoreDataProperties.swift */; };
		B45183802C36EEC6009AEBCE /* User+CoreDataProperties.swift in Sources */ = {isa = PBXBuildFile; fileRef = B451837E2C36EEC6009AEBCE /* User+CoreDataProperties.swift */; };
		B45183922C378AC3009AEBCE /* Settings+CoreDataProperties.swift in Sources */ = {isa = PBXBuildFile; fileRef = B45183912C378AC3009AEBCE /* Settings+CoreDataProperties.swift */; };
		B45183942C379019009AEBCE /* OnboardingScreen.swift in Sources */ = {isa = PBXBuildFile; fileRef = B45183932C379019009AEBCE /* OnboardingScreen.swift */; };
		B45183982C3795DB009AEBCE /* User+CoreDataClass.swift in Sources */ = {isa = PBXBuildFile; fileRef = B45183952C3795DB009AEBCE /* User+CoreDataClass.swift */; };
		B45183992C3795DB009AEBCE /* DrinkRecord+CoreDataClass.swift in Sources */ = {isa = PBXBuildFile; fileRef = B45183962C3795DB009AEBCE /* DrinkRecord+CoreDataClass.swift */; };
		B451839A2C3795DB009AEBCE /* Settings+CoreDataClass.swift in Sources */ = {isa = PBXBuildFile; fileRef = B45183972C3795DB009AEBCE /* Settings+CoreDataClass.swift */; };
		B451839C2C37A144009AEBCE /* HealthTrackingApp.swift in Sources */ = {isa = PBXBuildFile; fileRef = B451839B2C37A144009AEBCE /* HealthTrackingApp.swift */; };
		B451839E2C37B529009AEBCE /* ProfileScreen.swift in Sources */ = {isa = PBXBuildFile; fileRef = B451839D2C37B529009AEBCE /* ProfileScreen.swift */; };
		B45183A22C37D6E6009AEBCE /* OnboardingContainerView.swift in Sources */ = {isa = PBXBuildFile; fileRef = B45183A12C37D6E6009AEBCE /* OnboardingContainerView.swift */; };
		B45183DC2C4A6E3E009AEBCE /* ActivityData.swift in Sources */ = {isa = PBXBuildFile; fileRef = B45183DB2C4A6E3E009AEBCE /* ActivityData.swift */; };
		B45183DE2C4A7539009AEBCE /* MetricCardView.swift in Sources */ = {isa = PBXBuildFile; fileRef = B45183DD2C4A7539009AEBCE /* MetricCardView.swift */; };
		B45183E02C4A757E009AEBCE /* ActivityGraphView.swift in Sources */ = {isa = PBXBuildFile; fileRef = B45183DF2C4A757E009AEBCE /* ActivityGraphView.swift */; };
		B45183E22C4A7645009AEBCE /* ChallengesView.swift in Sources */ = {isa = PBXBuildFile; fileRef = B45183E12C4A7645009AEBCE /* ChallengesView.swift */; };
		B45183E42C4A7667009AEBCE /* CustomWorkoutPlansView.swift in Sources */ = {isa = PBXBuildFile; fileRef = B45183E32C4A7667009AEBCE /* CustomWorkoutPlansView.swift */; };
		B45183E62C4A76AA009AEBCE /* HydrationRemindersView.swift in Sources */ = {isa = PBXBuildFile; fileRef = B45183E52C4A76AA009AEBCE /* HydrationRemindersView.swift */; };
		B45183E82C4A76CC009AEBCE /* EmergencyAlertsView.swift in Sources */ = {isa = PBXBuildFile; fileRef = B45183E72C4A76CC009AEBCE /* EmergencyAlertsView.swift */; };
		B45183EC2C4A7741009AEBCE /* IconButton.swift in Sources */ = {isa = PBXBuildFile; fileRef = B45183EB2C4A7741009AEBCE /* IconButton.swift */; };
		B45183EE2C4A7873009AEBCE /* postureMonitoringView.swift in Sources */ = {isa = PBXBuildFile; fileRef = B45183ED2C4A7873009AEBCE /* postureMonitoringView.swift */; };
		B45183F22C4ACADA009AEBCE /* StepsView.swift in Sources */ = {isa = PBXBuildFile; fileRef = B45183F12C4ACADA009AEBCE /* StepsView.swift */; };
		B45183F42C4C1697009AEBCE /* CaloriesView.swift in Sources */ = {isa = PBXBuildFile; fileRef = B45183F32C4C1697009AEBCE /* CaloriesView.swift */; };
		B45183F62C4C16E2009AEBCE /* DistanceView.swift in Sources */ = {isa = PBXBuildFile; fileRef = B45183F52C4C16E2009AEBCE /* DistanceView.swift */; };
		B45183F82C4C1738009AEBCE /* HeartRateView.swift in Sources */ = {isa = PBXBuildFile; fileRef = B45183F72C4C1738009AEBCE /* HeartRateView.swift */; };
		B45183FA2C4C17A3009AEBCE /* SleepView.swift in Sources */ = {isa = PBXBuildFile; fileRef = B45183F92C4C17A3009AEBCE /* SleepView.swift */; };
		B46F3D3D2C5E197E009432B2 /* TipsView.swift in Sources */ = {isa = PBXBuildFile; fileRef = B46F3D3C2C5E197E009432B2 /* TipsView.swift */; };
		B46F3D412C5E7E23009432B2 /* CustomizableChartView.swift in Sources */ = {isa = PBXBuildFile; fileRef = B46F3D402C5E7E23009432B2 /* CustomizableChartView.swift */; };
		B4A3230D2C304028000812BB /* SetGoalScreen.swift in Sources */ = {isa = PBXBuildFile; fileRef = B4A3230C2C304028000812BB /* SetGoalScreen.swift */; };
		B4A3230F2C30417D000812BB /* HomeScreenWater.swift in Sources */ = {isa = PBXBuildFile; fileRef = B4A3230E2C30417D000812BB /* HomeScreenWater.swift */; };
		B4A323112C304285000812BB /* StatisticsScreen.swift in Sources */ = {isa = PBXBuildFile; fileRef = B4A323102C304285000812BB /* StatisticsScreen.swift */; };
		B4A323132C30431C000812BB /* ReminderSettingsScreen.swift in Sources */ = {isa = PBXBuildFile; fileRef = B4A323122C30431C000812BB /* ReminderSettingsScreen.swift */; };
		B4A323172C3043D7000812BB /* MainTabView.swift in Sources */ = {isa = PBXBuildFile; fileRef = B4A323162C3043D7000812BB /* MainTabView.swift */; };
		B4A3231B2C304566000812BB /* GraphViewWater.swift in Sources */ = {isa = PBXBuildFile; fileRef = B4A3231A2C304566000812BB /* GraphViewWater.swift */; };
		B4A3231D2C36234E000812BB /* EditProfileScreen.swift in Sources */ = {isa = PBXBuildFile; fileRef = B4A3231C2C36234E000812BB /* EditProfileScreen.swift */; };
		B4A3232E2C36588F000812BB /* CoreDataManager.swift in Sources */ = {isa = PBXBuildFile; fileRef = B4A3232D2C36588F000812BB /* CoreDataManager.swift */; };
		B4A323322C36B51F000812BB /* PersistenceController.swift in Sources */ = {isa = PBXBuildFile; fileRef = B4A323312C36B51F000812BB /* PersistenceController.swift */; };
		B4A323392C36C282000812BB /* HealthTrackingModel.xcdatamodeld in Sources */ = {isa = PBXBuildFile; fileRef = B4A323372C36C282000812BB /* HealthTrackingModel.xcdatamodeld */; };
/* End PBXBuildFile section */

/* Begin PBXContainerItemProxy section */
		B416F8DC2C01C9E20071106E /* PBXContainerItemProxy */ = {
			isa = PBXContainerItemProxy;
			containerPortal = B416F8C32C01C9E00071106E /* Project object */;
			proxyType = 1;
			remoteGlobalIDString = B416F8CA2C01C9E00071106E;
			remoteInfo = "Health Tracking";
		};
		B416F8E62C01C9E20071106E /* PBXContainerItemProxy */ = {
			isa = PBXContainerItemProxy;
			containerPortal = B416F8C32C01C9E00071106E /* Project object */;
			proxyType = 1;
			remoteGlobalIDString = B416F8CA2C01C9E00071106E;
			remoteInfo = "Health Tracking";
		};
/* End PBXContainerItemProxy section */

/* Begin PBXFileReference section */
		B416F8CB2C01C9E00071106E /* Health Tracking.app */ = {isa = PBXFileReference; explicitFileType = wrapper.application; includeInIndex = 0; path = "Health Tracking.app"; sourceTree = BUILT_PRODUCTS_DIR; };
		B416F8D02C01C9E00071106E /* ContentView.swift */ = {isa = PBXFileReference; lastKnownFileType = sourcecode.swift; path = ContentView.swift; sourceTree = "<group>"; };
		B416F8D22C01C9E20071106E /* Assets.xcassets */ = {isa = PBXFileReference; lastKnownFileType = folder.assetcatalog; path = Assets.xcassets; sourceTree = "<group>"; };
		B416F8D52C01C9E20071106E /* Preview Assets.xcassets */ = {isa = PBXFileReference; lastKnownFileType = folder.assetcatalog; path = "Preview Assets.xcassets"; sourceTree = "<group>"; };
		B416F8DB2C01C9E20071106E /* Health TrackingTests.xctest */ = {isa = PBXFileReference; explicitFileType = wrapper.cfbundle; includeInIndex = 0; path = "Health TrackingTests.xctest"; sourceTree = BUILT_PRODUCTS_DIR; };
		B416F8DF2C01C9E20071106E /* Health_TrackingTests.swift */ = {isa = PBXFileReference; lastKnownFileType = sourcecode.swift; path = Health_TrackingTests.swift; sourceTree = "<group>"; };
		B416F8E52C01C9E20071106E /* Health TrackingUITests.xctest */ = {isa = PBXFileReference; explicitFileType = wrapper.cfbundle; includeInIndex = 0; path = "Health TrackingUITests.xctest"; sourceTree = BUILT_PRODUCTS_DIR; };
		B416F8E92C01C9E20071106E /* Health_TrackingUITests.swift */ = {isa = PBXFileReference; lastKnownFileType = sourcecode.swift; path = Health_TrackingUITests.swift; sourceTree = "<group>"; };
		B416F8EB2C01C9E20071106E /* Health_TrackingUITestsLaunchTests.swift */ = {isa = PBXFileReference; lastKnownFileType = sourcecode.swift; path = Health_TrackingUITestsLaunchTests.swift; sourceTree = "<group>"; };
		B416F8F82C01CA4C0071106E /* WelcomScreen.swift */ = {isa = PBXFileReference; lastKnownFileType = sourcecode.swift; path = WelcomScreen.swift; sourceTree = "<group>"; };
		B416F8FA2C02017C0071106E /* HomeScreen.swift */ = {isa = PBXFileReference; lastKnownFileType = sourcecode.swift; path = HomeScreen.swift; sourceTree = "<group>"; };
		B416F9022C0C8E570071106E /* PostureMonitoringView.swift */ = {isa = PBXFileReference; lastKnownFileType = sourcecode.swift; path = PostureMonitoringView.swift; sourceTree = "<group>"; };
		B416F9042C0D9A8A0071106E /* GraphView.swift */ = {isa = PBXFileReference; lastKnownFileType = sourcecode.swift; path = GraphView.swift; sourceTree = "<group>"; };
		B416F90F2C21241F0071106E /* Hwelcom.swift */ = {isa = PBXFileReference; lastKnownFileType = sourcecode.swift; path = Hwelcom.swift; sourceTree = "<group>"; };
		B416F9132C21250A0071106E /* OnboardingScreens.swift */ = {isa = PBXFileReference; lastKnownFileType = sourcecode.swift; path = OnboardingScreens.swift; sourceTree = "<group>"; };
		B45183742C36EDA3009AEBCE /* DrinkRecord+CoreDataProperties.swift */ = {isa = PBXFileReference; lastKnownFileType = sourcecode.swift; path = "DrinkRecord+CoreDataProperties.swift"; sourceTree = "<group>"; };
		B451837E2C36EEC6009AEBCE /* User+CoreDataProperties.swift */ = {isa = PBXFileReference; lastKnownFileType = sourcecode.swift; path = "User+CoreDataProperties.swift"; sourceTree = "<group>"; };
		B45183912C378AC3009AEBCE /* Settings+CoreDataProperties.swift */ = {isa = PBXFileReference; lastKnownFileType = sourcecode.swift; path = "Settings+CoreDataProperties.swift"; sourceTree = "<group>"; };
		B45183932C379019009AEBCE /* OnboardingScreen.swift */ = {isa = PBXFileReference; lastKnownFileType = sourcecode.swift; path = OnboardingScreen.swift; sourceTree = "<group>"; };
		B45183952C3795DB009AEBCE /* User+CoreDataClass.swift */ = {isa = PBXFileReference; lastKnownFileType = sourcecode.swift; path = "User+CoreDataClass.swift"; sourceTree = "<group>"; };
		B45183962C3795DB009AEBCE /* DrinkRecord+CoreDataClass.swift */ = {isa = PBXFileReference; lastKnownFileType = sourcecode.swift; path = "DrinkRecord+CoreDataClass.swift"; sourceTree = "<group>"; };
		B45183972C3795DB009AEBCE /* Settings+CoreDataClass.swift */ = {isa = PBXFileReference; lastKnownFileType = sourcecode.swift; path = "Settings+CoreDataClass.swift"; sourceTree = "<group>"; };
		B451839B2C37A144009AEBCE /* HealthTrackingApp.swift */ = {isa = PBXFileReference; lastKnownFileType = sourcecode.swift; path = HealthTrackingApp.swift; sourceTree = "<group>"; };
		B451839D2C37B529009AEBCE /* ProfileScreen.swift */ = {isa = PBXFileReference; lastKnownFileType = sourcecode.swift; path = ProfileScreen.swift; sourceTree = "<group>"; };
		B45183A12C37D6E6009AEBCE /* OnboardingContainerView.swift */ = {isa = PBXFileReference; lastKnownFileType = sourcecode.swift; path = OnboardingContainerView.swift; sourceTree = "<group>"; };
		B45183DB2C4A6E3E009AEBCE /* ActivityData.swift */ = {isa = PBXFileReference; lastKnownFileType = sourcecode.swift; path = ActivityData.swift; sourceTree = "<group>"; };
		B45183DD2C4A7539009AEBCE /* MetricCardView.swift */ = {isa = PBXFileReference; lastKnownFileType = sourcecode.swift; path = MetricCardView.swift; sourceTree = "<group>"; };
		B45183DF2C4A757E009AEBCE /* ActivityGraphView.swift */ = {isa = PBXFileReference; lastKnownFileType = sourcecode.swift; path = ActivityGraphView.swift; sourceTree = "<group>"; };
		B45183E12C4A7645009AEBCE /* ChallengesView.swift */ = {isa = PBXFileReference; lastKnownFileType = sourcecode.swift; path = ChallengesView.swift; sourceTree = "<group>"; };
		B45183E32C4A7667009AEBCE /* CustomWorkoutPlansView.swift */ = {isa = PBXFileReference; lastKnownFileType = sourcecode.swift; path = CustomWorkoutPlansView.swift; sourceTree = "<group>"; };
		B45183E52C4A76AA009AEBCE /* HydrationRemindersView.swift */ = {isa = PBXFileReference; lastKnownFileType = sourcecode.swift; path = HydrationRemindersView.swift; sourceTree = "<group>"; };
		B45183E72C4A76CC009AEBCE /* EmergencyAlertsView.swift */ = {isa = PBXFileReference; lastKnownFileType = sourcecode.swift; path = EmergencyAlertsView.swift; sourceTree = "<group>"; };
		B45183EB2C4A7741009AEBCE /* IconButton.swift */ = {isa = PBXFileReference; lastKnownFileType = sourcecode.swift; path = IconButton.swift; sourceTree = "<group>"; };
		B45183ED2C4A7873009AEBCE /* postureMonitoringView.swift */ = {isa = PBXFileReference; lastKnownFileType = sourcecode.swift; path = postureMonitoringView.swift; sourceTree = "<group>"; };
		B45183EF2C4A7F7B009AEBCE /* Health-Tracking-Info.plist */ = {isa = PBXFileReference; lastKnownFileType = text.plist; path = "Health-Tracking-Info.plist"; sourceTree = SOURCE_ROOT; };
		B45183F02C4A8376009AEBCE /* Health Tracking.entitlements */ = {isa = PBXFileReference; lastKnownFileType = text.plist.entitlements; path = "Health Tracking.entitlements"; sourceTree = "<group>"; };
		B45183F12C4ACADA009AEBCE /* StepsView.swift */ = {isa = PBXFileReference; lastKnownFileType = sourcecode.swift; path = StepsView.swift; sourceTree = "<group>"; };
		B45183F32C4C1697009AEBCE /* CaloriesView.swift */ = {isa = PBXFileReference; lastKnownFileType = sourcecode.swift; path = CaloriesView.swift; sourceTree = "<group>"; };
		B45183F52C4C16E2009AEBCE /* DistanceView.swift */ = {isa = PBXFileReference; lastKnownFileType = sourcecode.swift; path = DistanceView.swift; sourceTree = "<group>"; };
		B45183F72C4C1738009AEBCE /* HeartRateView.swift */ = {isa = PBXFileReference; lastKnownFileType = sourcecode.swift; path = HeartRateView.swift; sourceTree = "<group>"; };
		B45183F92C4C17A3009AEBCE /* SleepView.swift */ = {isa = PBXFileReference; lastKnownFileType = sourcecode.swift; path = SleepView.swift; sourceTree = "<group>"; };
		B46F3D3C2C5E197E009432B2 /* TipsView.swift */ = {isa = PBXFileReference; lastKnownFileType = sourcecode.swift; path = TipsView.swift; sourceTree = "<group>"; };
		B46F3D402C5E7E23009432B2 /* CustomizableChartView.swift */ = {isa = PBXFileReference; lastKnownFileType = sourcecode.swift; path = CustomizableChartView.swift; sourceTree = "<group>"; };
		B4A3230C2C304028000812BB /* SetGoalScreen.swift */ = {isa = PBXFileReference; lastKnownFileType = sourcecode.swift; path = SetGoalScreen.swift; sourceTree = "<group>"; };
		B4A3230E2C30417D000812BB /* HomeScreenWater.swift */ = {isa = PBXFileReference; lastKnownFileType = sourcecode.swift; path = HomeScreenWater.swift; sourceTree = "<group>"; };
		B4A323102C304285000812BB /* StatisticsScreen.swift */ = {isa = PBXFileReference; lastKnownFileType = sourcecode.swift; path = StatisticsScreen.swift; sourceTree = "<group>"; };
		B4A323122C30431C000812BB /* ReminderSettingsScreen.swift */ = {isa = PBXFileReference; lastKnownFileType = sourcecode.swift; path = ReminderSettingsScreen.swift; sourceTree = "<group>"; };
		B4A323162C3043D7000812BB /* MainTabView.swift */ = {isa = PBXFileReference; lastKnownFileType = sourcecode.swift; path = MainTabView.swift; sourceTree = "<group>"; };
		B4A3231A2C304566000812BB /* GraphViewWater.swift */ = {isa = PBXFileReference; lastKnownFileType = sourcecode.swift; path = GraphViewWater.swift; sourceTree = "<group>"; };
		B4A3231C2C36234E000812BB /* EditProfileScreen.swift */ = {isa = PBXFileReference; lastKnownFileType = sourcecode.swift; path = EditProfileScreen.swift; sourceTree = "<group>"; };
		B4A3232D2C36588F000812BB /* CoreDataManager.swift */ = {isa = PBXFileReference; lastKnownFileType = sourcecode.swift; path = CoreDataManager.swift; sourceTree = "<group>"; };
		B4A323312C36B51F000812BB /* PersistenceController.swift */ = {isa = PBXFileReference; lastKnownFileType = sourcecode.swift; path = PersistenceController.swift; sourceTree = "<group>"; };
		B4A323382C36C282000812BB /* HydrationReminderModel.xcdatamodel */ = {isa = PBXFileReference; lastKnownFileType = wrapper.xcdatamodel; path = HydrationReminderModel.xcdatamodel; sourceTree = "<group>"; };
/* End PBXFileReference section */

/* Begin PBXFrameworksBuildPhase section */
		B416F8C82C01C9E00071106E /* Frameworks */ = {
			isa = PBXFrameworksBuildPhase;
			buildActionMask = 2147483647;
			files = (
			);
			runOnlyForDeploymentPostprocessing = 0;
		};
		B416F8D82C01C9E20071106E /* Frameworks */ = {
			isa = PBXFrameworksBuildPhase;
			buildActionMask = 2147483647;
			files = (
			);
			runOnlyForDeploymentPostprocessing = 0;
		};
		B416F8E22C01C9E20071106E /* Frameworks */ = {
			isa = PBXFrameworksBuildPhase;
			buildActionMask = 2147483647;
			files = (
			);
			runOnlyForDeploymentPostprocessing = 0;
		};
/* End PBXFrameworksBuildPhase section */

/* Begin PBXGroup section */
		B416F8C22C01C9E00071106E = {
			isa = PBXGroup;
			children = (
				B45183A12C37D6E6009AEBCE /* OnboardingContainerView.swift */,
				B45183952C3795DB009AEBCE /* User+CoreDataClass.swift */,
				B451839B2C37A144009AEBCE /* HealthTrackingApp.swift */,
				B451837E2C36EEC6009AEBCE /* User+CoreDataProperties.swift */,
				B45183DB2C4A6E3E009AEBCE /* ActivityData.swift */,
				B45183962C3795DB009AEBCE /* DrinkRecord+CoreDataClass.swift */,
				B45183742C36EDA3009AEBCE /* DrinkRecord+CoreDataProperties.swift */,
				B45183972C3795DB009AEBCE /* Settings+CoreDataClass.swift */,
				B45183912C378AC3009AEBCE /* Settings+CoreDataProperties.swift */,
				B4A3232D2C36588F000812BB /* CoreDataManager.swift */,
				B4A323102C304285000812BB /* StatisticsScreen.swift */,
				B416F9062C2109B00071106E /* Hydration */,
				B416F9022C0C8E570071106E /* PostureMonitoringView.swift */,
				B416F9042C0D9A8A0071106E /* GraphView.swift */,
				B46F3D402C5E7E23009432B2 /* CustomizableChartView.swift */,
				B416F8FA2C02017C0071106E /* HomeScreen.swift */,
				B45183F12C4ACADA009AEBCE /* StepsView.swift */,
				B46F3D3C2C5E197E009432B2 /* TipsView.swift */,
				B45183DF2C4A757E009AEBCE /* ActivityGraphView.swift */,
				B45183DD2C4A7539009AEBCE /* MetricCardView.swift */,
				B416F8F82C01CA4C0071106E /* WelcomScreen.swift */,
				B416F8CD2C01C9E00071106E /* Health Tracking */,
				B416F8DE2C01C9E20071106E /* Health TrackingTests */,
				B416F8E82C01C9E20071106E /* Health TrackingUITests */,
				B416F8CC2C01C9E00071106E /* Products */,
			);
			sourceTree = "<group>";
		};
		B416F8CC2C01C9E00071106E /* Products */ = {
			isa = PBXGroup;
			children = (
				B416F8CB2C01C9E00071106E /* Health Tracking.app */,
				B416F8DB2C01C9E20071106E /* Health TrackingTests.xctest */,
				B416F8E52C01C9E20071106E /* Health TrackingUITests.xctest */,
			);
			name = Products;
			sourceTree = "<group>";
		};
		B416F8CD2C01C9E00071106E /* Health Tracking */ = {
			isa = PBXGroup;
			children = (
				B45183F02C4A8376009AEBCE /* Health Tracking.entitlements */,
				B45183EF2C4A7F7B009AEBCE /* Health-Tracking-Info.plist */,
				B4A323372C36C282000812BB /* HealthTrackingModel.xcdatamodeld */,
				B416F8D02C01C9E00071106E /* ContentView.swift */,
				B416F8D22C01C9E20071106E /* Assets.xcassets */,
				B416F8D42C01C9E20071106E /* Preview Content */,
			);
			path = "Health Tracking";
			sourceTree = "<group>";
		};
		B416F8D42C01C9E20071106E /* Preview Content */ = {
			isa = PBXGroup;
			children = (
				B416F8D52C01C9E20071106E /* Preview Assets.xcassets */,
			);
			path = "Preview Content";
			sourceTree = "<group>";
		};
		B416F8DE2C01C9E20071106E /* Health TrackingTests */ = {
			isa = PBXGroup;
			children = (
				B416F8DF2C01C9E20071106E /* Health_TrackingTests.swift */,
			);
			path = "Health TrackingTests";
			sourceTree = "<group>";
		};
		B416F8E82C01C9E20071106E /* Health TrackingUITests */ = {
			isa = PBXGroup;
			children = (
				B416F8E92C01C9E20071106E /* Health_TrackingUITests.swift */,
				B416F8EB2C01C9E20071106E /* Health_TrackingUITestsLaunchTests.swift */,
			);
			path = "Health TrackingUITests";
			sourceTree = "<group>";
		};
		B416F9062C2109B00071106E /* Hydration */ = {
			isa = PBXGroup;
			children = (
				B416F90F2C21241F0071106E /* Hwelcom.swift */,
				B45183932C379019009AEBCE /* OnboardingScreen.swift */,
				B416F9132C21250A0071106E /* OnboardingScreens.swift */,
				B4A3230C2C304028000812BB /* SetGoalScreen.swift */,
				B45183E12C4A7645009AEBCE /* ChallengesView.swift */,
				B45183E32C4A7667009AEBCE /* CustomWorkoutPlansView.swift */,
				B45183E72C4A76CC009AEBCE /* EmergencyAlertsView.swift */,
				B45183E52C4A76AA009AEBCE /* HydrationRemindersView.swift */,
				B451839D2C37B529009AEBCE /* ProfileScreen.swift */,
				B4A3230E2C30417D000812BB /* HomeScreenWater.swift */,
				B4A323122C30431C000812BB /* ReminderSettingsScreen.swift */,
				B4A3231C2C36234E000812BB /* EditProfileScreen.swift */,
				B4A323162C3043D7000812BB /* MainTabView.swift */,
				B45183F92C4C17A3009AEBCE /* SleepView.swift */,
				B45183F72C4C1738009AEBCE /* HeartRateView.swift */,
				B4A3231A2C304566000812BB /* GraphViewWater.swift */,
				B45183EB2C4A7741009AEBCE /* IconButton.swift */,
				B4A323312C36B51F000812BB /* PersistenceController.swift */,
				B45183F52C4C16E2009AEBCE /* DistanceView.swift */,
				B45183ED2C4A7873009AEBCE /* postureMonitoringView.swift */,
				B45183F32C4C1697009AEBCE /* CaloriesView.swift */,
			);
			path = Hydration;
			sourceTree = "<group>";
		};
/* End PBXGroup section */

/* Begin PBXNativeTarget section */
		B416F8CA2C01C9E00071106E /* Health Tracking */ = {
			isa = PBXNativeTarget;
			buildConfigurationList = B416F8EF2C01C9E20071106E /* Build configuration list for PBXNativeTarget "Health Tracking" */;
			buildPhases = (
				B416F8C72C01C9E00071106E /* Sources */,
				B416F8C82C01C9E00071106E /* Frameworks */,
				B416F8C92C01C9E00071106E /* Resources */,
			);
			buildRules = (
			);
			dependencies = (
			);
			name = "Health Tracking";
			productName = "Health Tracking";
			productReference = B416F8CB2C01C9E00071106E /* Health Tracking.app */;
			productType = "com.apple.product-type.application";
		};
		B416F8DA2C01C9E20071106E /* Health TrackingTests */ = {
			isa = PBXNativeTarget;
			buildConfigurationList = B416F8F22C01C9E20071106E /* Build configuration list for PBXNativeTarget "Health TrackingTests" */;
			buildPhases = (
				B416F8D72C01C9E20071106E /* Sources */,
				B416F8D82C01C9E20071106E /* Frameworks */,
				B416F8D92C01C9E20071106E /* Resources */,
			);
			buildRules = (
			);
			dependencies = (
				B416F8DD2C01C9E20071106E /* PBXTargetDependency */,
			);
			name = "Health TrackingTests";
			productName = "Health TrackingTests";
			productReference = B416F8DB2C01C9E20071106E /* Health TrackingTests.xctest */;
			productType = "com.apple.product-type.bundle.unit-test";
		};
		B416F8E42C01C9E20071106E /* Health TrackingUITests */ = {
			isa = PBXNativeTarget;
			buildConfigurationList = B416F8F52C01C9E20071106E /* Build configuration list for PBXNativeTarget "Health TrackingUITests" */;
			buildPhases = (
				B416F8E12C01C9E20071106E /* Sources */,
				B416F8E22C01C9E20071106E /* Frameworks */,
				B416F8E32C01C9E20071106E /* Resources */,
			);
			buildRules = (
			);
			dependencies = (
				B416F8E72C01C9E20071106E /* PBXTargetDependency */,
			);
			name = "Health TrackingUITests";
			productName = "Health TrackingUITests";
			productReference = B416F8E52C01C9E20071106E /* Health TrackingUITests.xctest */;
			productType = "com.apple.product-type.bundle.ui-testing";
		};
/* End PBXNativeTarget section */

/* Begin PBXProject section */
		B416F8C32C01C9E00071106E /* Project object */ = {
			isa = PBXProject;
			attributes = {
				BuildIndependentTargetsInParallel = 1;
				LastSwiftUpdateCheck = 1540;
				LastUpgradeCheck = 1540;
				TargetAttributes = {
					B416F8CA2C01C9E00071106E = {
						CreatedOnToolsVersion = 15.4;
					};
					B416F8DA2C01C9E20071106E = {
						CreatedOnToolsVersion = 15.4;
						TestTargetID = B416F8CA2C01C9E00071106E;
					};
					B416F8E42C01C9E20071106E = {
						CreatedOnToolsVersion = 15.4;
						TestTargetID = B416F8CA2C01C9E00071106E;
					};
				};
			};
			buildConfigurationList = B416F8C62C01C9E00071106E /* Build configuration list for PBXProject "Health Tracking" */;
			compatibilityVersion = "Xcode 14.0";
			developmentRegion = en;
			hasScannedForEncodings = 0;
			knownRegions = (
				en,
				Base,
			);
			mainGroup = B416F8C22C01C9E00071106E;
			productRefGroup = B416F8CC2C01C9E00071106E /* Products */;
			projectDirPath = "";
			projectRoot = "";
			targets = (
				B416F8CA2C01C9E00071106E /* Health Tracking */,
				B416F8DA2C01C9E20071106E /* Health TrackingTests */,
				B416F8E42C01C9E20071106E /* Health TrackingUITests */,
			);
		};
/* End PBXProject section */

/* Begin PBXResourcesBuildPhase section */
		B416F8C92C01C9E00071106E /* Resources */ = {
			isa = PBXResourcesBuildPhase;
			buildActionMask = 2147483647;
			files = (
				B416F8D62C01C9E20071106E /* Preview Assets.xcassets in Resources */,
				B416F8D32C01C9E20071106E /* Assets.xcassets in Resources */,
			);
			runOnlyForDeploymentPostprocessing = 0;
		};
		B416F8D92C01C9E20071106E /* Resources */ = {
			isa = PBXResourcesBuildPhase;
			buildActionMask = 2147483647;
			files = (
			);
			runOnlyForDeploymentPostprocessing = 0;
		};
		B416F8E32C01C9E20071106E /* Resources */ = {
			isa = PBXResourcesBuildPhase;
			buildActionMask = 2147483647;
			files = (
			);
			runOnlyForDeploymentPostprocessing = 0;
		};
/* End PBXResourcesBuildPhase section */

/* Begin PBXSourcesBuildPhase section */
		B416F8C72C01C9E00071106E /* Sources */ = {
			isa = PBXSourcesBuildPhase;
			buildActionMask = 2147483647;
			files = (
				B45183EC2C4A7741009AEBCE /* IconButton.swift in Sources */,
				B45183E02C4A757E009AEBCE /* ActivityGraphView.swift in Sources */,
				B45183F22C4ACADA009AEBCE /* StepsView.swift in Sources */,
				B46F3D412C5E7E23009432B2 /* CustomizableChartView.swift in Sources */,
				B416F8FB2C02017C0071106E /* HomeScreen.swift in Sources */,
				B45183802C36EEC6009AEBCE /* User+CoreDataProperties.swift in Sources */,
				B416F9142C21250A0071106E /* OnboardingScreens.swift in Sources */,
				B45183EE2C4A7873009AEBCE /* postureMonitoringView.swift in Sources */,
				B416F9032C0C8E570071106E /* PostureMonitoringView.swift in Sources */,
				B45183922C378AC3009AEBCE /* Settings+CoreDataProperties.swift in Sources */,
				B4A323132C30431C000812BB /* ReminderSettingsScreen.swift in Sources */,
				B4A3231D2C36234E000812BB /* EditProfileScreen.swift in Sources */,
				B4A3230F2C30417D000812BB /* HomeScreenWater.swift in Sources */,
				B4A323322C36B51F000812BB /* PersistenceController.swift in Sources */,
				B4A3230D2C304028000812BB /* SetGoalScreen.swift in Sources */,
				B45183F42C4C1697009AEBCE /* CaloriesView.swift in Sources */,
				B45183FA2C4C17A3009AEBCE /* SleepView.swift in Sources */,
				B416F8F92C01CA4C0071106E /* WelcomScreen.swift in Sources */,
				B4A323392C36C282000812BB /* HealthTrackingModel.xcdatamodeld in Sources */,
				B46F3D3D2C5E197E009432B2 /* TipsView.swift in Sources */,
				B416F8D12C01C9E00071106E /* ContentView.swift in Sources */,
				B4A323112C304285000812BB /* StatisticsScreen.swift in Sources */,
				B45183982C3795DB009AEBCE /* User+CoreDataClass.swift in Sources */,
				B45183992C3795DB009AEBCE /* DrinkRecord+CoreDataClass.swift in Sources */,
				B45183DC2C4A6E3E009AEBCE /* ActivityData.swift in Sources */,
				B451839A2C3795DB009AEBCE /* Settings+CoreDataClass.swift in Sources */,
				B451839E2C37B529009AEBCE /* ProfileScreen.swift in Sources */,
				B416F9052C0D9A8A0071106E /* GraphView.swift in Sources */,
				B45183F82C4C1738009AEBCE /* HeartRateView.swift in Sources */,
				B416F9102C21241F0071106E /* Hwelcom.swift in Sources */,
				B451839C2C37A144009AEBCE /* HealthTrackingApp.swift in Sources */,
				B45183E42C4A7667009AEBCE /* CustomWorkoutPlansView.swift in Sources */,
				B45183F62C4C16E2009AEBCE /* DistanceView.swift in Sources */,
				B45183DE2C4A7539009AEBCE /* MetricCardView.swift in Sources */,
				B45183E82C4A76CC009AEBCE /* EmergencyAlertsView.swift in Sources */,
				B45183792C36EDA3009AEBCE /* DrinkRecord+CoreDataProperties.swift in Sources */,
				B45183E62C4A76AA009AEBCE /* HydrationRemindersView.swift in Sources */,
				B45183942C379019009AEBCE /* OnboardingScreen.swift in Sources */,
				B4A323172C3043D7000812BB /* MainTabView.swift in Sources */,
				B45183E22C4A7645009AEBCE /* ChallengesView.swift in Sources */,
				B4A3232E2C36588F000812BB /* CoreDataManager.swift in Sources */,
				B4A3231B2C304566000812BB /* GraphViewWater.swift in Sources */,
				B45183A22C37D6E6009AEBCE /* OnboardingContainerView.swift in Sources */,
			);
			runOnlyForDeploymentPostprocessing = 0;
		};
		B416F8D72C01C9E20071106E /* Sources */ = {
			isa = PBXSourcesBuildPhase;
			buildActionMask = 2147483647;
			files = (
				B416F8E02C01C9E20071106E /* Health_TrackingTests.swift in Sources */,
			);
			runOnlyForDeploymentPostprocessing = 0;
		};
		B416F8E12C01C9E20071106E /* Sources */ = {
			isa = PBXSourcesBuildPhase;
			buildActionMask = 2147483647;
			files = (
				B416F8EA2C01C9E20071106E /* Health_TrackingUITests.swift in Sources */,
				B416F8EC2C01C9E20071106E /* Health_TrackingUITestsLaunchTests.swift in Sources */,
			);
			runOnlyForDeploymentPostprocessing = 0;
		};
/* End PBXSourcesBuildPhase section */

/* Begin PBXTargetDependency section */
		B416F8DD2C01C9E20071106E /* PBXTargetDependency */ = {
			isa = PBXTargetDependency;
			target = B416F8CA2C01C9E00071106E /* Health Tracking */;
			targetProxy = B416F8DC2C01C9E20071106E /* PBXContainerItemProxy */;
		};
		B416F8E72C01C9E20071106E /* PBXTargetDependency */ = {
			isa = PBXTargetDependency;
			target = B416F8CA2C01C9E00071106E /* Health Tracking */;
			targetProxy = B416F8E62C01C9E20071106E /* PBXContainerItemProxy */;
		};
/* End PBXTargetDependency section */

/* Begin XCBuildConfiguration section */
		B416F8ED2C01C9E20071106E /* Debug */ = {
			isa = XCBuildConfiguration;
			buildSettings = {
				ALWAYS_SEARCH_USER_PATHS = NO;
				ASSETCATALOG_COMPILER_GENERATE_SWIFT_ASSET_SYMBOL_EXTENSIONS = YES;
				CLANG_ANALYZER_NONNULL = YES;
				CLANG_ANALYZER_NUMBER_OBJECT_CONVERSION = YES_AGGRESSIVE;
				CLANG_CXX_LANGUAGE_STANDARD = "gnu++20";
				CLANG_ENABLE_MODULES = YES;
				CLANG_ENABLE_OBJC_ARC = YES;
				CLANG_ENABLE_OBJC_WEAK = YES;
				CLANG_WARN_BLOCK_CAPTURE_AUTORELEASING = YES;
				CLANG_WARN_BOOL_CONVERSION = YES;
				CLANG_WARN_COMMA = YES;
				CLANG_WARN_CONSTANT_CONVERSION = YES;
				CLANG_WARN_DEPRECATED_OBJC_IMPLEMENTATIONS = YES;
				CLANG_WARN_DIRECT_OBJC_ISA_USAGE = YES_ERROR;
				CLANG_WARN_DOCUMENTATION_COMMENTS = YES;
				CLANG_WARN_EMPTY_BODY = YES;
				CLANG_WARN_ENUM_CONVERSION = YES;
				CLANG_WARN_INFINITE_RECURSION = YES;
				CLANG_WARN_INT_CONVERSION = YES;
				CLANG_WARN_NON_LITERAL_NULL_CONVERSION = YES;
				CLANG_WARN_OBJC_IMPLICIT_RETAIN_SELF = YES;
				CLANG_WARN_OBJC_LITERAL_CONVERSION = YES;
				CLANG_WARN_OBJC_ROOT_CLASS = YES_ERROR;
				CLANG_WARN_QUOTED_INCLUDE_IN_FRAMEWORK_HEADER = YES;
				CLANG_WARN_RANGE_LOOP_ANALYSIS = YES;
				CLANG_WARN_STRICT_PROTOTYPES = YES;
				CLANG_WARN_SUSPICIOUS_MOVE = YES;
				CLANG_WARN_UNGUARDED_AVAILABILITY = YES_AGGRESSIVE;
				CLANG_WARN_UNREACHABLE_CODE = YES;
				CLANG_WARN__DUPLICATE_METHOD_MATCH = YES;
				COPY_PHASE_STRIP = NO;
				DEBUG_INFORMATION_FORMAT = dwarf;
				ENABLE_STRICT_OBJC_MSGSEND = YES;
				ENABLE_TESTABILITY = YES;
				ENABLE_USER_SCRIPT_SANDBOXING = YES;
				GCC_C_LANGUAGE_STANDARD = gnu17;
				GCC_DYNAMIC_NO_PIC = NO;
				GCC_NO_COMMON_BLOCKS = YES;
				GCC_OPTIMIZATION_LEVEL = 0;
				GCC_PREPROCESSOR_DEFINITIONS = (
					"DEBUG=1",
					"$(inherited)",
				);
				GCC_WARN_64_TO_32_BIT_CONVERSION = YES;
				GCC_WARN_ABOUT_RETURN_TYPE = YES_ERROR;
				GCC_WARN_UNDECLARED_SELECTOR = YES;
				GCC_WARN_UNINITIALIZED_AUTOS = YES_AGGRESSIVE;
				GCC_WARN_UNUSED_FUNCTION = YES;
				GCC_WARN_UNUSED_VARIABLE = YES;
				IPHONEOS_DEPLOYMENT_TARGET = 17.1;
				LOCALIZATION_PREFERS_STRING_CATALOGS = YES;
				MTL_ENABLE_DEBUG_INFO = INCLUDE_SOURCE;
				MTL_FAST_MATH = YES;
				ONLY_ACTIVE_ARCH = YES;
				SDKROOT = iphoneos;
				SWIFT_ACTIVE_COMPILATION_CONDITIONS = "DEBUG $(inherited)";
				SWIFT_OPTIMIZATION_LEVEL = "-Onone";
			};
			name = Debug;
		};
		B416F8EE2C01C9E20071106E /* Release */ = {
			isa = XCBuildConfiguration;
			buildSettings = {
				ALWAYS_SEARCH_USER_PATHS = NO;
				ASSETCATALOG_COMPILER_GENERATE_SWIFT_ASSET_SYMBOL_EXTENSIONS = YES;
				CLANG_ANALYZER_NONNULL = YES;
				CLANG_ANALYZER_NUMBER_OBJECT_CONVERSION = YES_AGGRESSIVE;
				CLANG_CXX_LANGUAGE_STANDARD = "gnu++20";
				CLANG_ENABLE_MODULES = YES;
				CLANG_ENABLE_OBJC_ARC = YES;
				CLANG_ENABLE_OBJC_WEAK = YES;
				CLANG_WARN_BLOCK_CAPTURE_AUTORELEASING = YES;
				CLANG_WARN_BOOL_CONVERSION = YES;
				CLANG_WARN_COMMA = YES;
				CLANG_WARN_CONSTANT_CONVERSION = YES;
				CLANG_WARN_DEPRECATED_OBJC_IMPLEMENTATIONS = YES;
				CLANG_WARN_DIRECT_OBJC_ISA_USAGE = YES_ERROR;
				CLANG_WARN_DOCUMENTATION_COMMENTS = YES;
				CLANG_WARN_EMPTY_BODY = YES;
				CLANG_WARN_ENUM_CONVERSION = YES;
				CLANG_WARN_INFINITE_RECURSION = YES;
				CLANG_WARN_INT_CONVERSION = YES;
				CLANG_WARN_NON_LITERAL_NULL_CONVERSION = YES;
				CLANG_WARN_OBJC_IMPLICIT_RETAIN_SELF = YES;
				CLANG_WARN_OBJC_LITERAL_CONVERSION = YES;
				CLANG_WARN_OBJC_ROOT_CLASS = YES_ERROR;
				CLANG_WARN_QUOTED_INCLUDE_IN_FRAMEWORK_HEADER = YES;
				CLANG_WARN_RANGE_LOOP_ANALYSIS = YES;
				CLANG_WARN_STRICT_PROTOTYPES = YES;
				CLANG_WARN_SUSPICIOUS_MOVE = YES;
				CLANG_WARN_UNGUARDED_AVAILABILITY = YES_AGGRESSIVE;
				CLANG_WARN_UNREACHABLE_CODE = YES;
				CLANG_WARN__DUPLICATE_METHOD_MATCH = YES;
				COPY_PHASE_STRIP = NO;
				DEBUG_INFORMATION_FORMAT = "dwarf-with-dsym";
				ENABLE_NS_ASSERTIONS = NO;
				ENABLE_STRICT_OBJC_MSGSEND = YES;
				ENABLE_USER_SCRIPT_SANDBOXING = YES;
				GCC_C_LANGUAGE_STANDARD = gnu17;
				GCC_NO_COMMON_BLOCKS = YES;
				GCC_WARN_64_TO_32_BIT_CONVERSION = YES;
				GCC_WARN_ABOUT_RETURN_TYPE = YES_ERROR;
				GCC_WARN_UNDECLARED_SELECTOR = YES;
				GCC_WARN_UNINITIALIZED_AUTOS = YES_AGGRESSIVE;
				GCC_WARN_UNUSED_FUNCTION = YES;
				GCC_WARN_UNUSED_VARIABLE = YES;
				IPHONEOS_DEPLOYMENT_TARGET = 17.1;
				LOCALIZATION_PREFERS_STRING_CATALOGS = YES;
				MTL_ENABLE_DEBUG_INFO = NO;
				MTL_FAST_MATH = YES;
				SDKROOT = iphoneos;
				SWIFT_COMPILATION_MODE = wholemodule;
				VALIDATE_PRODUCT = YES;
			};
			name = Release;
		};
		B416F8F02C01C9E20071106E /* Debug */ = {
			isa = XCBuildConfiguration;
			buildSettings = {
				ASSETCATALOG_COMPILER_APPICON_NAME = AppIcon;
				ASSETCATALOG_COMPILER_GLOBAL_ACCENT_COLOR_NAME = AccentColor;
				CODE_SIGN_ENTITLEMENTS = "Health Tracking/Health Tracking.entitlements";
				CODE_SIGN_STYLE = Automatic;
				CURRENT_PROJECT_VERSION = 1;
				DEVELOPMENT_ASSET_PATHS = "\"Health Tracking/Preview Content\"";
				DEVELOPMENT_TEAM = 732D2W6R42;
				ENABLE_PREVIEWS = YES;
				GENERATE_INFOPLIST_FILE = YES;
				INFOPLIST_FILE = "Health-Tracking-Info.plist";
				INFOPLIST_KEY_UIApplicationSceneManifest_Generation = YES;
				INFOPLIST_KEY_UIApplicationSupportsIndirectInputEvents = YES;
				INFOPLIST_KEY_UILaunchScreen_Generation = YES;
				INFOPLIST_KEY_UISupportedInterfaceOrientations_iPad = "UIInterfaceOrientationPortrait UIInterfaceOrientationPortraitUpsideDown UIInterfaceOrientationLandscapeLeft UIInterfaceOrientationLandscapeRight";
				INFOPLIST_KEY_UISupportedInterfaceOrientations_iPhone = "UIInterfaceOrientationPortrait UIInterfaceOrientationLandscapeLeft UIInterfaceOrientationLandscapeRight";
				LD_RUNPATH_SEARCH_PATHS = (
					"$(inherited)",
					"@executable_path/Frameworks",
				);
				MARKETING_VERSION = 1.0;
				PRODUCT_BUNDLE_IDENTIFIER = "Student-Captone.Health-Tracking";
				PRODUCT_NAME = "$(TARGET_NAME)";
				SWIFT_EMIT_LOC_STRINGS = YES;
				SWIFT_VERSION = 5.0;
				TARGETED_DEVICE_FAMILY = "1,2";
			};
			name = Debug;
		};
		B416F8F12C01C9E20071106E /* Release */ = {
			isa = XCBuildConfiguration;
			buildSettings = {
				ASSETCATALOG_COMPILER_APPICON_NAME = AppIcon;
				ASSETCATALOG_COMPILER_GLOBAL_ACCENT_COLOR_NAME = AccentColor;
				CODE_SIGN_ENTITLEMENTS = "Health Tracking/Health Tracking.entitlements";
				CODE_SIGN_STYLE = Automatic;
				CURRENT_PROJECT_VERSION = 1;
				DEVELOPMENT_ASSET_PATHS = "\"Health Tracking/Preview Content\"";
				DEVELOPMENT_TEAM = 732D2W6R42;
				ENABLE_PREVIEWS = YES;
				GENERATE_INFOPLIST_FILE = YES;
				INFOPLIST_FILE = "Health-Tracking-Info.plist";
				INFOPLIST_KEY_UIApplicationSceneManifest_Generation = YES;
				INFOPLIST_KEY_UIApplicationSupportsIndirectInputEvents = YES;
				INFOPLIST_KEY_UILaunchScreen_Generation = YES;
				INFOPLIST_KEY_UISupportedInterfaceOrientations_iPad = "UIInterfaceOrientationPortrait UIInterfaceOrientationPortraitUpsideDown UIInterfaceOrientationLandscapeLeft UIInterfaceOrientationLandscapeRight";
				INFOPLIST_KEY_UISupportedInterfaceOrientations_iPhone = "UIInterfaceOrientationPortrait UIInterfaceOrientationLandscapeLeft UIInterfaceOrientationLandscapeRight";
				LD_RUNPATH_SEARCH_PATHS = (
					"$(inherited)",
					"@executable_path/Frameworks",
				);
				MARKETING_VERSION = 1.0;
				PRODUCT_BUNDLE_IDENTIFIER = "Student-Captone.Health-Tracking";
				PRODUCT_NAME = "$(TARGET_NAME)";
				SWIFT_EMIT_LOC_STRINGS = YES;
				SWIFT_VERSION = 5.0;
				TARGETED_DEVICE_FAMILY = "1,2";
			};
			name = Release;
		};
		B416F8F32C01C9E20071106E /* Debug */ = {
			isa = XCBuildConfiguration;
			buildSettings = {
				ALWAYS_EMBED_SWIFT_STANDARD_LIBRARIES = YES;
				BUNDLE_LOADER = "$(TEST_HOST)";
				CODE_SIGN_STYLE = Automatic;
				CURRENT_PROJECT_VERSION = 1;
				DEVELOPMENT_TEAM = 732D2W6R42;
				GENERATE_INFOPLIST_FILE = YES;
				IPHONEOS_DEPLOYMENT_TARGET = 17.5;
				MARKETING_VERSION = 1.0;
				PRODUCT_BUNDLE_IDENTIFIER = "Student-Captone.Health-TrackingTests";
				PRODUCT_NAME = "$(TARGET_NAME)";
				SWIFT_EMIT_LOC_STRINGS = NO;
				SWIFT_VERSION = 5.0;
				TARGETED_DEVICE_FAMILY = "1,2";
				TEST_HOST = "$(BUILT_PRODUCTS_DIR)/Health Tracking.app/$(BUNDLE_EXECUTABLE_FOLDER_PATH)/Health Tracking";
			};
			name = Debug;
		};
		B416F8F42C01C9E20071106E /* Release */ = {
			isa = XCBuildConfiguration;
			buildSettings = {
				ALWAYS_EMBED_SWIFT_STANDARD_LIBRARIES = YES;
				BUNDLE_LOADER = "$(TEST_HOST)";
				CODE_SIGN_STYLE = Automatic;
				CURRENT_PROJECT_VERSION = 1;
				DEVELOPMENT_TEAM = 732D2W6R42;
				GENERATE_INFOPLIST_FILE = YES;
				IPHONEOS_DEPLOYMENT_TARGET = 17.5;
				MARKETING_VERSION = 1.0;
				PRODUCT_BUNDLE_IDENTIFIER = "Student-Captone.Health-TrackingTests";
				PRODUCT_NAME = "$(TARGET_NAME)";
				SWIFT_EMIT_LOC_STRINGS = NO;
				SWIFT_VERSION = 5.0;
				TARGETED_DEVICE_FAMILY = "1,2";
				TEST_HOST = "$(BUILT_PRODUCTS_DIR)/Health Tracking.app/$(BUNDLE_EXECUTABLE_FOLDER_PATH)/Health Tracking";
			};
			name = Release;
		};
		B416F8F62C01C9E20071106E /* Debug */ = {
			isa = XCBuildConfiguration;
			buildSettings = {
				ALWAYS_EMBED_SWIFT_STANDARD_LIBRARIES = YES;
				CODE_SIGN_STYLE = Automatic;
				CURRENT_PROJECT_VERSION = 1;
				DEVELOPMENT_TEAM = 732D2W6R42;
				GENERATE_INFOPLIST_FILE = YES;
				MARKETING_VERSION = 1.0;
				PRODUCT_BUNDLE_IDENTIFIER = "Student-Captone.Health-TrackingUITests";
				PRODUCT_NAME = "$(TARGET_NAME)";
				SWIFT_EMIT_LOC_STRINGS = NO;
				SWIFT_VERSION = 5.0;
				TARGETED_DEVICE_FAMILY = "1,2";
				TEST_TARGET_NAME = "Health Tracking";
			};
			name = Debug;
		};
		B416F8F72C01C9E20071106E /* Release */ = {
			isa = XCBuildConfiguration;
			buildSettings = {
				ALWAYS_EMBED_SWIFT_STANDARD_LIBRARIES = YES;
				CODE_SIGN_STYLE = Automatic;
				CURRENT_PROJECT_VERSION = 1;
				DEVELOPMENT_TEAM = 732D2W6R42;
				GENERATE_INFOPLIST_FILE = YES;
				MARKETING_VERSION = 1.0;
				PRODUCT_BUNDLE_IDENTIFIER = "Student-Captone.Health-TrackingUITests";
				PRODUCT_NAME = "$(TARGET_NAME)";
				SWIFT_EMIT_LOC_STRINGS = NO;
				SWIFT_VERSION = 5.0;
				TARGETED_DEVICE_FAMILY = "1,2";
				TEST_TARGET_NAME = "Health Tracking";
			};
			name = Release;
		};
/* End XCBuildConfiguration section */

/* Begin XCConfigurationList section */
		B416F8C62C01C9E00071106E /* Build configuration list for PBXProject "Health Tracking" */ = {
			isa = XCConfigurationList;
			buildConfigurations = (
				B416F8ED2C01C9E20071106E /* Debug */,
				B416F8EE2C01C9E20071106E /* Release */,
			);
			defaultConfigurationIsVisible = 0;
			defaultConfigurationName = Release;
		};
		B416F8EF2C01C9E20071106E /* Build configuration list for PBXNativeTarget "Health Tracking" */ = {
			isa = XCConfigurationList;
			buildConfigurations = (
				B416F8F02C01C9E20071106E /* Debug */,
				B416F8F12C01C9E20071106E /* Release */,
			);
			defaultConfigurationIsVisible = 0;
			defaultConfigurationName = Release;
		};
		B416F8F22C01C9E20071106E /* Build configuration list for PBXNativeTarget "Health TrackingTests" */ = {
			isa = XCConfigurationList;
			buildConfigurations = (
				B416F8F32C01C9E20071106E /* Debug */,
				B416F8F42C01C9E20071106E /* Release */,
			);
			defaultConfigurationIsVisible = 0;
			defaultConfigurationName = Release;
		};
		B416F8F52C01C9E20071106E /* Build configuration list for PBXNativeTarget "Health TrackingUITests" */ = {
			isa = XCConfigurationList;
			buildConfigurations = (
				B416F8F62C01C9E20071106E /* Debug */,
				B416F8F72C01C9E20071106E /* Release */,
			);
			defaultConfigurationIsVisible = 0;
			defaultConfigurationName = Release;
		};
/* End XCConfigurationList section */

/* Begin XCVersionGroup section */
		B4A323372C36C282000812BB /* HealthTrackingModel.xcdatamodeld */ = {
			isa = XCVersionGroup;
			children = (
				B4A323382C36C282000812BB /* HydrationReminderModel.xcdatamodel */,
			);
			currentVersion = B4A323382C36C282000812BB /* HydrationReminderModel.xcdatamodel */;
			name = HealthTrackingModel.xcdatamodeld;
			path = "Health Tracking/HealthTrackingModel.xcdatamodeld";
			sourceTree = SOURCE_ROOT;
			versionGroupType = wrapper.xcdatamodel;
		};
/* End XCVersionGroup section */
	};
	rootObject = B416F8C32C01C9E00071106E /* Project object */;
}
